# THIS IS AN AUTOGENERATED FILE. DO NOT EDIT THIS FILE DIRECTLY.
# yarn lockfile v1


"@types/estree@0.0.39":
  version "0.0.39"
  resolved "https://registry.yarnpkg.com/@types/estree/-/estree-0.0.39.tgz#e177e699ee1b8c22d23174caaa7422644389509f"
  integrity sha512-EYNwp3bU+98cpU4lAWYYL7Zz+2gryWH1qbdDTidVd6hkiR6weksdbMadyXKXNPEkQFhXM+hVO9ZygomHXp+AIw==

"@types/node@*":
  version "10.11.6"
  resolved "https://registry.yarnpkg.com/@types/node/-/node-10.11.6.tgz#ce5690df6cd917a9178439a1013e39a7e565c46e"
  integrity sha512-fnA7yvqg3oKQDb3skBif9w5RRKVKAaeKeNuLzZL37XcSiWL4IoSXQnnbchR3UnBu2EMLHBip7ZVEkqoIVBP8QQ==

rollup@^0.66.6:
  version "0.66.6"
  resolved "https://registry.yarnpkg.com/rollup/-/rollup-0.66.6.tgz#ce7d6185beb7acea644ce220c25e71ae03275482"
  integrity sha512-J7/SWanrcb83vfIHqa8+aVVGzy457GcjA6GVZEnD0x2u4OnOd0Q1pCrEoNe8yLwM6z6LZP02zBT2uW0yh5TqOw==
  dependencies:
    "@types/estree" "0.0.39"
    "@types/node" "*"
